
Microsoft Visual Studio Solution File, Format Version 12.00
# Visual Studio Version 17
VisualStudioVersion = 17.3.32922.545
MinimumVisualStudioVersion = 10.0.40219.1
Project("{9A19103F-16F7-4668-BE54-9A1E7A4F7556}") = "GestionLivre", "GestionLivre.csproj", "{73FE382E-E765-4853-9F6D-F8DF6FDEBD50}"
EndProject
Global
	GlobalSection(SolutionConfigurationPlatforms) = preSolution
		Debug|Any CPU = Debug|Any CPU
		Release|Any CPU = Release|Any CPU
	EndGlobalSection
	GlobalSection(ProjectConfigurationPlatforms) = postSolution
		{73FE382E-E765-4853-9F6D-F8DF6FDEBD50}.Debug|Any CPU.ActiveCfg = Debug|Any CPU
		{73FE382E-E765-4853-9F6D-F8DF6FDEBD50}.Debug|Any CPU.Build.0 = Debug|Any CPU
		{73FE382E-E765-4853-9F6D-F8DF6FDEBD50}.Release|Any CPU.ActiveCfg = Release|Any CPU
		{73FE382E-E765-4853-9F6D-F8DF6FDEBD50}.Release|Any CPU.Build.0 = Release|Any CPU
	EndGlobalSection
	GlobalSection(SolutionProperties) = preSolution
		HideSolutionNode = FALSE
	EndGlobalSection
	GlobalSection(ExtensibilityGlobals) = postSolution
		SolutionGuid = {5559A549-6833-49ED-9B09-12FC94351026}
	EndGlobalSection
EndGlobal
